
Microsoft Visual Studio Solution File, Format Version 12.00
# Visual Studio Version 17
VisualStudioVersion = 17.14.36301.6
MinimumVisualStudioVersion = 10.0.40219.1
Project("{2150E333-8FDC-42A3-9474-1A3956D46DE8}") = "Misc", "Misc", "{02EA681E-C7D8-13C7-8484-4AC65E1B71E8}"
	ProjectSection(SolutionItems) = preProject
		.gitignore = .gitignore
		LICENSE = LICENSE
		README.md = README.md
	EndProjectSection
EndProject
Project("{FAE04EC0-301F-11D3-BF4B-00C04F79EFBC}") = "FortigateAPIClient", "FortigateAPIClient\FortigateAPIClient.csproj", "{794A5427-CC2B-4F60-BC7F-F3813A791F7A}"
EndProject
Project("{FAE04EC0-301F-11D3-BF4B-00C04F79EFBC}") = "ClientConsole", "ClientConsole\ClientConsole.csproj", "{AC105257-E701-48F6-8F9A-967439B65A07}"
EndProject
Global
	GlobalSection(SolutionConfigurationPlatforms) = preSolution
		Debug|Any CPU = Debug|Any CPU
		Release|Any CPU = Release|Any CPU
	EndGlobalSection
	GlobalSection(ProjectConfigurationPlatforms) = postSolution
		{794A5427-CC2B-4F60-BC7F-F3813A791F7A}.Debug|Any CPU.ActiveCfg = Debug|Any CPU
		{794A5427-CC2B-4F60-BC7F-F3813A791F7A}.Debug|Any CPU.Build.0 = Debug|Any CPU
		{794A5427-CC2B-4F60-BC7F-F3813A791F7A}.Release|Any CPU.ActiveCfg = Release|Any CPU
		{794A5427-CC2B-4F60-BC7F-F3813A791F7A}.Release|Any CPU.Build.0 = Release|Any CPU
		{AC105257-E701-48F6-8F9A-967439B65A07}.Debug|Any CPU.ActiveCfg = Debug|Any CPU
		{AC105257-E701-48F6-8F9A-967439B65A07}.Debug|Any CPU.Build.0 = Debug|Any CPU
		{AC105257-E701-48F6-8F9A-967439B65A07}.Release|Any CPU.ActiveCfg = Release|Any CPU
		{AC105257-E701-48F6-8F9A-967439B65A07}.Release|Any CPU.Build.0 = Release|Any CPU
	EndGlobalSection
	GlobalSection(SolutionProperties) = preSolution
		HideSolutionNode = FALSE
	EndGlobalSection
	GlobalSection(ExtensibilityGlobals) = postSolution
		SolutionGuid = {B561ED85-94B4-4A5B-B68A-1A66244C913F}
	EndGlobalSection
EndGlobal
